
Microsoft Visual Studio Solution File, Format Version 12.00
# Visual Studio Version 17
VisualStudioVersion = 17.5.002.0
MinimumVisualStudioVersion = 10.0.40219.1
Project("{9A19103F-16F7-4668-BE54-9A1E7A4F7556}") = "ResumeFunction", "ResumeFunction.csproj", "{018E7EC4-ACA0-40C1-B0BB-FFC71EC44F18}"
EndProject
Global
	GlobalSection(SolutionConfigurationPlatforms) = preSolution
		Debug|Any CPU = Debug|Any CPU
		Release|Any CPU = Release|Any CPU
	EndGlobalSection
	GlobalSection(ProjectConfigurationPlatforms) = postSolution
		{018E7EC4-ACA0-40C1-B0BB-FFC71EC44F18}.Debug|Any CPU.ActiveCfg = Debug|Any CPU
		{018E7EC4-ACA0-40C1-B0BB-FFC71EC44F18}.Debug|Any CPU.Build.0 = Debug|Any CPU
		{018E7EC4-ACA0-40C1-B0BB-FFC71EC44F18}.Release|Any CPU.ActiveCfg = Release|Any CPU
		{018E7EC4-ACA0-40C1-B0BB-FFC71EC44F18}.Release|Any CPU.Build.0 = Release|Any CPU
	EndGlobalSection
	GlobalSection(SolutionProperties) = preSolution
		HideSolutionNode = FALSE
	EndGlobalSection
	GlobalSection(ExtensibilityGlobals) = postSolution
		SolutionGuid = {AF604E4B-942E-4352-8CC9-F2DB436140B6}
	EndGlobalSection
EndGlobal
